Microsoft Visual Studio Solution File, Format Version 8.00
Project("{8BC9CEB8-8B4A-11D0-8D11-00A0C91BC942}") = "BattAlert", "BattAlert.vcproj", "{28A19568-2E4E-69E4-8598-6A03D43A3F4F}"
	ProjectSection(ProjectDependencies) = postProject
	EndProjectSection
EndProject
Global
	GlobalSection(SolutionConfiguration) = preSolution
		dll_debug = dll_debug
		dll_release = dll_release
		static_debug = static_debug
		static_release = static_release
	EndGlobalSection
	GlobalSection(ProjectConfiguration) = postSolution
		{28A19568-2E4E-69E4-8598-6A03D43A3F4F}.dll_debug.ActiveCfg = dll_debug|Win32
		{28A19568-2E4E-69E4-8598-6A03D43A3F4F}.dll_debug.Build.0 = dll_debug|Win32
		{28A19568-2E4E-69E4-8598-6A03D43A3F4F}.dll_release.ActiveCfg = dll_release|Win32
		{28A19568-2E4E-69E4-8598-6A03D43A3F4F}.dll_release.Build.0 = dll_release|Win32
		{28A19568-2E4E-69E4-8598-6A03D43A3F4F}.static_debug.ActiveCfg = static_debug|Win32
		{28A19568-2E4E-69E4-8598-6A03D43A3F4F}.static_debug.Build.0 = static_debug|Win32
		{28A19568-2E4E-69E4-8598-6A03D43A3F4F}.static_release.ActiveCfg = static_release|Win32
		{28A19568-2E4E-69E4-8598-6A03D43A3F4F}.static_release.Build.0 = static_release|Win32
	EndGlobalSection
	GlobalSection(ExtensibilityGlobals) = postSolution
	EndGlobalSection
	GlobalSection(ExtensibilityAddIns) = postSolution
	EndGlobalSection
EndGlobal
